// !$*UTF8*$!
{
	archiveVersion = 1;
	classes = {
	};
	objectVersion = 46;
	objects = {

/* Begin PBXBuildFile section */
		48DFB19C1BC92D10006F7D81 /* AppDelegate.swift in Sources */ = {isa = PBXBuildFile; fileRef = 48DFB19B1BC92D10006F7D81 /* AppDelegate.swift */; };
		48DFB19E1BC92D10006F7D81 /* ViewController.swift in Sources */ = {isa = PBXBuildFile; fileRef = 48DFB19D1BC92D10006F7D81 /* ViewController.swift */; };
		48DFB1A11BC92D10006F7D81 /* Main.storyboard in Resources */ = {isa = PBXBuildFile; fileRef = 48DFB19F1BC92D10006F7D81 /* Main.storyboard */; };
		48DFB1A31BC92D10006F7D81 /* Assets.xcassets in Resources */ = {isa = PBXBuildFile; fileRef = 48DFB1A21BC92D10006F7D81 /* Assets.xcassets */; };
		48DFB1A61BC92D10006F7D81 /* LaunchScreen.storyboard in Resources */ = {isa = PBXBuildFile; fileRef = 48DFB1A41BC92D10006F7D81 /* LaunchScreen.storyboard */; };
		48DFB1B11BC92D10006F7D81 /* UIviewPracticeTests.swift in Sources */ = {isa = PBXBuildFile; fileRef = 48DFB1B01BC92D10006F7D81 /* UIviewPracticeTests.swift */; };
		48DFB1BC1BC92D10006F7D81 /* UIviewPracticeUITests.swift in Sources */ = {isa = PBXBuildFile; fileRef = 48DFB1BB1BC92D10006F7D81 /* UIviewPracticeUITests.swift */; };
/* End PBXBuildFile section */

/* Begin PBXContainerItemProxy section */
		48DFB1AD1BC92D10006F7D81 /* PBXContainerItemProxy */ = {
			isa = PBXContainerItemProxy;
			containerPortal = 48DFB1901BC92D10006F7D81 /* Project object */;
			proxyType = 1;
			remoteGlobalIDString = 48DFB1971BC92D10006F7D81;
			remoteInfo = UIviewPractice;
		};
		48DFB1B81BC92D10006F7D81 /* PBXContainerItemProxy */ = {
			isa = PBXContainerItemProxy;
			containerPortal = 48DFB1901BC92D10006F7D81 /* Project object */;
			proxyType = 1;
			remoteGlobalIDString = 48DFB1971BC92D10006F7D81;
			remoteInfo = UIviewPractice;
		};
/* End PBXContainerItemProxy section */

/* Begin PBXFileReference section */
		48DFB1981BC92D10006F7D81 /* UIviewPractice.app */ = {isa = PBXFileReference; explicitFileType = wrapper.application; includeInIndex = 0; path = UIviewPractice.app; sourceTree = BUILT_PRODUCTS_DIR; };
		48DFB19B1BC92D10006F7D81 /* AppDelegate.swift */ = {isa = PBXFileReference; lastKnownFileType = sourcecode.swift; path = AppDelegate.swift; sourceTree = "<group>"; };
		48DFB19D1BC92D10006F7D81 /* ViewController.swift */ = {isa = PBXFileReference; lastKnownFileType = sourcecode.swift; path = ViewController.swift; sourceTree = "<group>"; };
		48DFB1A01BC92D10006F7D81 /* Base */ = {isa = PBXFileReference; lastKnownFileType = file.storyboard; name = Base; path = Base.lproj/Main.storyboard; sourceTree = "<group>"; };
		48DFB1A21BC92D10006F7D81 /* Assets.xcassets */ = {isa = PBXFileReference; lastKnownFileType = folder.assetcatalog; path = Assets.xcassets; sourceTree = "<group>"; };
		48DFB1A51BC92D10006F7D81 /* Base */ = {isa = PBXFileReference; lastKnownFileType = file.storyboard; name = Base; path = Base.lproj/LaunchScreen.storyboard; sourceTree = "<group>"; };
		48DFB1A71BC92D10006F7D81 /* Info.plist */ = {isa = PBXFileReference; lastKnownFileType = text.plist.xml; path = Info.plist; sourceTree = "<group>"; };
		48DFB1AC1BC92D10006F7D81 /* UIviewPracticeTests.xctest */ = {isa = PBXFileReference; explicitFileType = wrapper.cfbundle; includeInIndex = 0; path = UIviewPracticeTests.xctest; sourceTree = BUILT_PRODUCTS_DIR; };
		48DFB1B01BC92D10006F7D81 /* UIviewPracticeTests.swift */ = {isa = PBXFileReference; lastKnownFileType = sourcecode.swift; path = UIviewPracticeTests.swift; sourceTree = "<group>"; };
		48DFB1B21BC92D10006F7D81 /* Info.plist */ = {isa = PBXFileReference; lastKnownFileType = text.plist.xml; path = Info.plist; sourceTree = "<group>"; };
		48DFB1B71BC92D10006F7D81 /* UIviewPracticeUITests.xctest */ = {isa = PBXFileReference; explicitFileType = wrapper.cfbundle; includeInIndex = 0; path = UIviewPracticeUITests.xctest; sourceTree = BUILT_PRODUCTS_DIR; };
		48DFB1BB1BC92D10006F7D81 /* UIviewPracticeUITests.swift */ = {isa = PBXFileReference; lastKnownFileType = sourcecode.swift; path = UIviewPracticeUITests.swift; sourceTree = "<group>"; };
		48DFB1BD1BC92D10006F7D81 /* Info.plist */ = {isa = PBXFileReference; lastKnownFileType = text.plist.xml; path = Info.plist; sourceTree = "<group>"; };
/* End PBXFileReference section */

/* Begin PBXFrameworksBuildPhase section */
		48DFB1951BC92D10006F7D81 /* Frameworks */ = {
			isa = PBXFrameworksBuildPhase;
			buildActionMask = 2147483647;
			files = (
			);
			runOnlyForDeploymentPostprocessing = 0;
		};
		48DFB1A91BC92D10006F7D81 /* Frameworks */ = {
			isa = PBXFrameworksBuildPhase;
			buildActionMask = 2147483647;
			files = (
			);
			runOnlyForDeploymentPostprocessing = 0;
		};
		48DFB1B41BC92D10006F7D81 /* Frameworks */ = {
			isa = PBXFrameworksBuildPhase;
			buildActionMask = 2147483647;
			files = (
			);
			runOnlyForDeploymentPostprocessing = 0;
		};
/* End PBXFrameworksBuildPhase section */

/* Begin PBXGroup section */
		48DFB18F1BC92D10006F7D81 = {
			isa = PBXGroup;
			children = (
				48DFB19A1BC92D10006F7D81 /* UIviewPractice */,
				48DFB1AF1BC92D10006F7D81 /* UIviewPracticeTests */,
				48DFB1BA1BC92D10006F7D81 /* UIviewPracticeUITests */,
				48DFB1991BC92D10006F7D81 /* Products */,
			);
			sourceTree = "<group>";
		};
		48DFB1991BC92D10006F7D81 /* Products */ = {
			isa = PBXGroup;
			children = (
				48DFB1981BC92D10006F7D81 /* UIviewPractice.app */,
				48DFB1AC1BC92D10006F7D81 /* UIviewPracticeTests.xctest */,
				48DFB1B71BC92D10006F7D81 /* UIviewPracticeUITests.xctest */,
			);
			name = Products;
			sourceTree = "<group>";
		};
		48DFB19A1BC92D10006F7D81 /* UIviewPractice */ = {
			isa = PBXGroup;
			children = (
				48DFB19B1BC92D10006F7D81 /* AppDelegate.swift */,
				48DFB19D1BC92D10006F7D81 /* ViewController.swift */,
				48DFB19F1BC92D10006F7D81 /* Main.storyboard */,
				48DFB1A21BC92D10006F7D81 /* Assets.xcassets */,
				48DFB1A41BC92D10006F7D81 /* LaunchScreen.storyboard */,
				48DFB1A71BC92D10006F7D81 /* Info.plist */,
			);
			path = UIviewPractice;
			sourceTree = "<group>";
		};
		48DFB1AF1BC92D10006F7D81 /* UIviewPracticeTests */ = {
			isa = PBXGroup;
			children = (
				48DFB1B01BC92D10006F7D81 /* UIviewPracticeTests.swift */,
				48DFB1B21BC92D10006F7D81 /* Info.plist */,
			);
			path = UIviewPracticeTests;
			sourceTree = "<group>";
		};
		48DFB1BA1BC92D10006F7D81 /* UIviewPracticeUITests */ = {
			isa = PBXGroup;
			children = (
				48DFB1BB1BC92D10006F7D81 /* UIviewPracticeUITests.swift */,
				48DFB1BD1BC92D10006F7D81 /* Info.plist */,
			);
			path = UIviewPracticeUITests;
			sourceTree = "<group>";
		};
/* End PBXGroup section */

/* Begin PBXNativeTarget section */
		48DFB1971BC92D10006F7D81 /* UIviewPractice */ = {
			isa = PBXNativeTarget;
			buildConfigurationList = 48DFB1C01BC92D10006F7D81 /* Build configuration list for PBXNativeTarget "UIviewPractice" */;
			buildPhases = (
				48DFB1941BC92D10006F7D81 /* Sources */,
				48DFB1951BC92D10006F7D81 /* Frameworks */,
				48DFB1961BC92D10006F7D81 /* Resources */,
			);
			buildRules = (
			);
			dependencies = (
			);
			name = UIviewPractice;
			productName = UIviewPractice;
			productReference = 48DFB1981BC92D10006F7D81 /* UIviewPractice.app */;
			productType = "com.apple.product-type.application";
		};
		48DFB1AB1BC92D10006F7D81 /* UIviewPracticeTests */ = {
			isa = PBXNativeTarget;
			buildConfigurationList = 48DFB1C31BC92D10006F7D81 /* Build configuration list for PBXNativeTarget "UIviewPracticeTests" */;
			buildPhases = (
				48DFB1A81BC92D10006F7D81 /* Sources */,
				48DFB1A91BC92D10006F7D81 /* Frameworks */,
				48DFB1AA1BC92D10006F7D81 /* Resources */,
			);
			buildRules = (
			);
			dependencies = (
				48DFB1AE1BC92D10006F7D81 /* PBXTargetDependency */,
			);
			name = UIviewPracticeTests;
			productName = UIviewPracticeTests;
			productReference = 48DFB1AC1BC92D10006F7D81 /* UIviewPracticeTests.xctest */;
			productType = "com.apple.product-type.bundle.unit-test";
		};
		48DFB1B61BC92D10006F7D81 /* UIviewPracticeUITests */ = {
			isa = PBXNativeTarget;
			buildConfigurationList = 48DFB1C61BC92D10006F7D81 /* Build configuration list for PBXNativeTarget "UIviewPracticeUITests" */;
			buildPhases = (
				48DFB1B31BC92D10006F7D81 /* Sources */,
				48DFB1B41BC92D10006F7D81 /* Frameworks */,
				48DFB1B51BC92D10006F7D81 /* Resources */,
			);
			buildRules = (
			);
			dependencies = (
				48DFB1B91BC92D10006F7D81 /* PBXTargetDependency */,
			);
			name = UIviewPracticeUITests;
			productName = UIviewPracticeUITests;
			productReference = 48DFB1B71BC92D10006F7D81 /* UIviewPracticeUITests.xctest */;
			productType = "com.apple.product-type.bundle.ui-testing";
		};
/* End PBXNativeTarget section */

/* Begin PBXProject section */
		48DFB1901BC92D10006F7D81 /* Project object */ = {
			isa = PBXProject;
			attributes = {
				LastUpgradeCheck = 0700;
				ORGANIZATIONNAME = liushun;
				TargetAttributes = {
					48DFB1971BC92D10006F7D81 = {
						CreatedOnToolsVersion = 7.0;
					};
					48DFB1AB1BC92D10006F7D81 = {
						CreatedOnToolsVersion = 7.0;
						TestTargetID = 48DFB1971BC92D10006F7D81;
					};
					48DFB1B61BC92D10006F7D81 = {
						CreatedOnToolsVersion = 7.0;
						TestTargetID = 48DFB1971BC92D10006F7D81;
					};
				};
			};
			buildConfigurationList = 48DFB1931BC92D10006F7D81 /* Build configuration list for PBXProject "UIviewPractice" */;
			compatibilityVersion = "Xcode 3.2";
			developmentRegion = English;
			hasScannedForEncodings = 0;
			knownRegions = (
				en,
				Base,
			);
			mainGroup = 48DFB18F1BC92D10006F7D81;
			productRefGroup = 48DFB1991BC92D10006F7D81 /* Products */;
			projectDirPath = "";
			projectRoot = "";
			targets = (
				48DFB1971BC92D10006F7D81 /* UIviewPractice */,
				48DFB1AB1BC92D10006F7D81 /* UIviewPracticeTests */,
				48DFB1B61BC92D10006F7D81 /* UIviewPracticeUITests */,
			);
		};
/* End PBXProject section */

/* Begin PBXResourcesBuildPhase section */
		48DFB1961BC92D10006F7D81 /* Resources */ = {
			isa = PBXResourcesBuildPhase;
			buildActionMask = 2147483647;
			files = (
				48DFB1A61BC92D10006F7D81 /* LaunchScreen.storyboard in Resources */,
				48DFB1A31BC92D10006F7D81 /* Assets.xcassets in Resources */,
				48DFB1A11BC92D10006F7D81 /* Main.storyboard in Resources */,
			);
			runOnlyForDeploymentPostprocessing = 0;
		};
		48DFB1AA1BC92D10006F7D81 /* Resources */ = {
			isa = PBXResourcesBuildPhase;
			buildActionMask = 2147483647;
			files = (
			);
			runOnlyForDeploymentPostprocessing = 0;
		};
		48DFB1B51BC92D10006F7D81 /* Resources */ = {
			isa = PBXResourcesBuildPhase;
			buildActionMask = 2147483647;
			files = (
			);
			runOnlyForDeploymentPostprocessing = 0;
		};
/* End PBXResourcesBuildPhase section */

/* Begin PBXSourcesBuildPhase section */
		48DFB1941BC92D10006F7D81 /* Sources */ = {
			isa = PBXSourcesBuildPhase;
			buildActionMask = 2147483647;
			files = (
				48DFB19E1BC92D10006F7D81 /* ViewController.swift in Sources */,
				48DFB19C1BC92D10006F7D81 /* AppDelegate.swift in Sources */,
			);
			runOnlyForDeploymentPostprocessing = 0;
		};
		48DFB1A81BC92D10006F7D81 /* Sources */ = {
			isa = PBXSourcesBuildPhase;
			buildActionMask = 2147483647;
			files = (
				48DFB1B11BC92D10006F7D81 /* UIviewPracticeTests.swift in Sources */,
			);
			runOnlyForDeploymentPostprocessing = 0;
		};
		48DFB1B31BC92D10006F7D81 /* Sources */ = {
			isa = PBXSourcesBuildPhase;
			buildActionMask = 2147483647;
			files = (
				48DFB1BC1BC92D10006F7D81 /* UIviewPracticeUITests.swift in Sources */,
			);
			runOnlyForDeploymentPostprocessing = 0;
		};
/* End PBXSourcesBuildPhase section */

/* Begin PBXTargetDependency section */
		48DFB1AE1BC92D10006F7D81 /* PBXTargetDependency */ = {
			isa = PBXTargetDependency;
			target = 48DFB1971BC92D10006F7D81 /* UIviewPractice */;
			targetProxy = 48DFB1AD1BC92D10006F7D81 /* PBXContainerItemProxy */;
		};
		48DFB1B91BC92D10006F7D81 /* PBXTargetDependency */ = {
			isa = PBXTargetDependency;
			target = 48DFB1971BC92D10006F7D81 /* UIviewPractice */;
			targetProxy = 48DFB1B81BC92D10006F7D81 /* PBXContainerItemProxy */;
		};
/* End PBXTargetDependency section */

/* Begin PBXVariantGroup section */
		48DFB19F1BC92D10006F7D81 /* Main.storyboard */ = {
			isa = PBXVariantGroup;
			children = (
				48DFB1A01BC92D10006F7D81 /* Base */,
			);
			name = Main.storyboard;
			sourceTree = "<group>";
		};
		48DFB1A41BC92D10006F7D81 /* LaunchScreen.storyboard */ = {
			isa = PBXVariantGroup;
			children = (
				48DFB1A51BC92D10006F7D81 /* Base */,
			);
			name = LaunchScreen.storyboard;
			sourceTree = "<group>";
		};
/* End PBXVariantGroup section */

/* Begin XCBuildConfiguration section */
		48DFB1BE1BC92D10006F7D81 /* Debug */ = {
			isa = XCBuildConfiguration;
			buildSettings = {
				ALWAYS_SEARCH_USER_PATHS = NO;
				CLANG_CXX_LANGUAGE_STANDARD = "gnu++0x";
				CLANG_CXX_LIBRARY = "libc++";
				CLANG_ENABLE_MODULES = YES;
				CLANG_ENABLE_OBJC_ARC = YES;
				CLANG_WARN_BOOL_CONVERSION = YES;
				CLANG_WARN_CONSTANT_CONVERSION = YES;
				CLANG_WARN_DIRECT_OBJC_ISA_USAGE = YES_ERROR;
				CLANG_WARN_EMPTY_BODY = YES;
				CLANG_WARN_ENUM_CONVERSION = YES;
				CLANG_WARN_INT_CONVERSION = YES;
				CLANG_WARN_OBJC_ROOT_CLASS = YES_ERROR;
				CLANG_WARN_UNREACHABLE_CODE = YES;
				CLANG_WARN__DUPLICATE_METHOD_MATCH = YES;
				"CODE_SIGN_IDENTITY[sdk=iphoneos*]" = "iPhone Developer";
				COPY_PHASE_STRIP = NO;
				DEBUG_INFORMATION_FORMAT = dwarf;
				ENABLE_STRICT_OBJC_MSGSEND = YES;
				ENABLE_TESTABILITY = YES;
				GCC_C_LANGUAGE_STANDARD = gnu99;
				GCC_DYNAMIC_NO_PIC = NO;
				GCC_NO_COMMON_BLOCKS = YES;
				GCC_OPTIMIZATION_LEVEL = 0;
				GCC_PREPROCESSOR_DEFINITIONS = (
					"DEBUG=1",
					"$(inherited)",
				);
				GCC_WARN_64_TO_32_BIT_CONVERSION = YES;
				GCC_WARN_ABOUT_RETURN_TYPE = YES_ERROR;
				GCC_WARN_UNDECLARED_SELECTOR = YES;
				GCC_WARN_UNINITIALIZED_AUTOS = YES_AGGRESSIVE;
				GCC_WARN_UNUSED_FUNCTION = YES;
				GCC_WARN_UNUSED_VARIABLE = YES;
				IPHONEOS_DEPLOYMENT_TARGET = 9.0;
				MTL_ENABLE_DEBUG_INFO = YES;
				ONLY_ACTIVE_ARCH = YES;
				SDKROOT = iphoneos;
				SWIFT_OPTIMIZATION_LEVEL = "-Onone";
			};
			name = Debug;
		};
		48DFB1BF1BC92D10006F7D81 /* Release */ = {
			isa = XCBuildConfiguration;
			buildSettings = {
				ALWAYS_SEARCH_USER_PATHS = NO;
				CLANG_CXX_LANGUAGE_STANDARD = "gnu++0x";
				CLANG_CXX_LIBRARY = "libc++";
				CLANG_ENABLE_MODULES = YES;
				CLANG_ENABLE_OBJC_ARC = YES;
				CLANG_WARN_BOOL_CONVERSION = YES;
				CLANG_WARN_CONSTANT_CONVERSION = YES;
				CLANG_WARN_DIRECT_OBJC_ISA_USAGE = YES_ERROR;
				CLANG_WARN_EMPTY_BODY = YES;
				CLANG_WARN_ENUM_CONVERSION = YES;
				CLANG_WARN_INT_CONVERSION = YES;
				CLANG_WARN_OBJC_ROOT_CLASS = YES_ERROR;
				CLANG_WARN_UNREACHABLE_CODE = YES;
				CLANG_WARN__DUPLICATE_METHOD_MATCH = YES;
				"CODE_SIGN_IDENTITY[sdk=iphoneos*]" = "iPhone Developer";
				COPY_PHASE_STRIP = NO;
				DEBUG_INFORMATION_FORMAT = "dwarf-with-dsym";
				ENABLE_NS_ASSERTIONS = NO;
				ENABLE_STRICT_OBJC_MSGSEND = YES;
				GCC_C_LANGUAGE_STANDARD = gnu99;
				GCC_NO_COMMON_BLOCKS = YES;
				GCC_WARN_64_TO_32_BIT_CONVERSION = YES;
				GCC_WARN_ABOUT_RETURN_TYPE = YES_ERROR;
				GCC_WARN_UNDECLARED_SELECTOR = YES;
				GCC_WARN_UNINITIALIZED_AUTOS = YES_AGGRESSIVE;
				GCC_WARN_UNUSED_FUNCTION = YES;
				GCC_WARN_UNUSED_VARIABLE = YES;
				IPHONEOS_DEPLOYMENT_TARGET = 9.0;
				MTL_ENABLE_DEBUG_INFO = NO;
				SDKROOT = iphoneos;
				VALIDATE_PRODUCT = YES;
			};
			name = Release;
		};
		48DFB1C11BC92D10006F7D81 /* Debug */ = {
			isa = XCBuildConfiguration;
			buildSettings = {
				ASSETCATALOG_COMPILER_APPICON_NAME = AppIcon;
				INFOPLIST_FILE = UIviewPractice/Info.plist;
				LD_RUNPATH_SEARCH_PATHS = "$(inherited) @executable_path/Frameworks";
				PRODUCT_BUNDLE_IDENTIFIER = hc360.UIviewPractice;
				PRODUCT_NAME = "$(TARGET_NAME)";
			};
			name = Debug;
		};
		48DFB1C21BC92D10006F7D81 /* Release */ = {
			isa = XCBuildConfiguration;
			buildSettings = {
				ASSETCATALOG_COMPILER_APPICON_NAME = AppIcon;
				INFOPLIST_FILE = UIviewPractice/Info.plist;
				LD_RUNPATH_SEARCH_PATHS = "$(inherited) @executable_path/Frameworks";
				PRODUCT_BUNDLE_IDENTIFIER = hc360.UIviewPractice;
				PRODUCT_NAME = "$(TARGET_NAME)";
			};
			name = Release;
		};
		48DFB1C41BC92D10006F7D81 /* Debug */ = {
			isa = XCBuildConfiguration;
			buildSettings = {
				BUNDLE_LOADER = "$(TEST_HOST)";
				INFOPLIST_FILE = UIviewPracticeTests/Info.plist;
				LD_RUNPATH_SEARCH_PATHS = "$(inherited) @executable_path/Frameworks @loader_path/Frameworks";
				PRODUCT_BUNDLE_IDENTIFIER = hc360.UIviewPracticeTests;
				PRODUCT_NAME = "$(TARGET_NAME)";
				TEST_HOST = "$(BUILT_PRODUCTS_DIR)/UIviewPractice.app/UIviewPractice";
			};
			name = Debug;
		};
		48DFB1C51BC92D10006F7D81 /* Release */ = {
			isa = XCBuildConfiguration;
			buildSettings = {
				BUNDLE_LOADER = "$(TEST_HOST)";
				INFOPLIST_FILE = UIviewPracticeTests/Info.plist;
				LD_RUNPATH_SEARCH_PATHS = "$(inherited) @executable_path/Frameworks @loader_path/Frameworks";
				PRODUCT_BUNDLE_IDENTIFIER = hc360.UIviewPracticeTests;
				PRODUCT_NAME = "$(TARGET_NAME)";
				TEST_HOST = "$(BUILT_PRODUCTS_DIR)/UIviewPractice.app/UIviewPractice";
			};
			name = Release;
		};
		48DFB1C71BC92D10006F7D81 /* Debug */ = {
			isa = XCBuildConfiguration;
			buildSettings = {
				INFOPLIST_FILE = UIviewPracticeUITests/Info.plist;
				LD_RUNPATH_SEARCH_PATHS = "$(inherited) @executable_path/Frameworks @loader_path/Frameworks";
				PRODUCT_BUNDLE_IDENTIFIER = hc360.UIviewPracticeUITests;
				PRODUCT_NAME = "$(TARGET_NAME)";
				TEST_TARGET_NAME = UIviewPractice;
				USES_XCTRUNNER = YES;
			};
			name = Debug;
		};
		48DFB1C81BC92D10006F7D81 /* Release */ = {
			isa = XCBuildConfiguration;
			buildSettings = {
				INFOPLIST_FILE = UIviewPracticeUITests/Info.plist;
				LD_RUNPATH_SEARCH_PATHS = "$(inherited) @executable_path/Frameworks @loader_path/Frameworks";
				PRODUCT_BUNDLE_IDENTIFIER = hc360.UIviewPracticeUITests;
				PRODUCT_NAME = "$(TARGET_NAME)";
				TEST_TARGET_NAME = UIviewPractice;
				USES_XCTRUNNER = YES;
			};
			name = Release;
		};
/* End XCBuildConfiguration section */

/* Begin XCConfigurationList section */
		48DFB1931BC92D10006F7D81 /* Build configuration list for PBXProject "UIviewPractice" */ = {
			isa = XCConfigurationList;
			buildConfigurations = (
				48DFB1BE1BC92D10006F7D81 /* Debug */,
				48DFB1BF1BC92D10006F7D81 /* Release */,
			);
			defaultConfigurationIsVisible = 0;
			defaultConfigurationName = Release;
		};
		48DFB1C01BC92D10006F7D81 /* Build configuration list for PBXNativeTarget "UIviewPractice" */ = {
			isa = XCConfigurationList;
			buildConfigurations = (
				48DFB1C11BC92D10006F7D81 /* Debug */,
				48DFB1C21BC92D10006F7D81 /* Release */,
			);
			defaultConfigurationIsVisible = 0;
		};
		48DFB1C31BC92D10006F7D81 /* Build configuration list for PBXNativeTarget "UIviewPracticeTests" */ = {
			isa = XCConfigurationList;
			buildConfigurations = (
				48DFB1C41BC92D10006F7D81 /* Debug */,
				48DFB1C51BC92D10006F7D81 /* Release */,
			);
			defaultConfigurationIsVisible = 0;
		};
		48DFB1C61BC92D10006F7D81 /* Build configuration list for PBXNativeTarget "UIviewPracticeUITests" */ = {
			isa = XCConfigurationList;
			buildConfigurations = (
				48DFB1C71BC92D10006F7D81 /* Debug */,
				48DFB1C81BC92D10006F7D81 /* Release */,
			);
			defaultConfigurationIsVisible = 0;
		};
/* End XCConfigurationList section */
	};
	rootObject = 48DFB1901BC92D10006F7D81 /* Project object */;
}
