// !$*UTF8*$!
{
	archiveVersion = 1;
	classes = {
	};
	objectVersion = 46;
	objects = {

/* Begin PBXBuildFile section */
		485898BA1BD0A087007EAB92 /* AppDelegate.swift in Sources */ = {isa = PBXBuildFile; fileRef = 485898B91BD0A087007EAB92 /* AppDelegate.swift */; };
		485898BC1BD0A087007EAB92 /* ViewController.swift in Sources */ = {isa = PBXBuildFile; fileRef = 485898BB1BD0A087007EAB92 /* ViewController.swift */; };
		485898BF1BD0A087007EAB92 /* Main.storyboard in Resources */ = {isa = PBXBuildFile; fileRef = 485898BD1BD0A087007EAB92 /* Main.storyboard */; };
		485898C11BD0A087007EAB92 /* Assets.xcassets in Resources */ = {isa = PBXBuildFile; fileRef = 485898C01BD0A087007EAB92 /* Assets.xcassets */; };
		485898C41BD0A087007EAB92 /* LaunchScreen.storyboard in Resources */ = {isa = PBXBuildFile; fileRef = 485898C21BD0A087007EAB92 /* LaunchScreen.storyboard */; };
		485898CF1BD0A087007EAB92 /* WebViewTests.swift in Sources */ = {isa = PBXBuildFile; fileRef = 485898CE1BD0A087007EAB92 /* WebViewTests.swift */; };
		485898DA1BD0A087007EAB92 /* WebViewUITests.swift in Sources */ = {isa = PBXBuildFile; fileRef = 485898D91BD0A087007EAB92 /* WebViewUITests.swift */; };
/* End PBXBuildFile section */

/* Begin PBXContainerItemProxy section */
		485898CB1BD0A087007EAB92 /* PBXContainerItemProxy */ = {
			isa = PBXContainerItemProxy;
			containerPortal = 485898AE1BD0A087007EAB92 /* Project object */;
			proxyType = 1;
			remoteGlobalIDString = 485898B51BD0A087007EAB92;
			remoteInfo = WebView;
		};
		485898D61BD0A087007EAB92 /* PBXContainerItemProxy */ = {
			isa = PBXContainerItemProxy;
			containerPortal = 485898AE1BD0A087007EAB92 /* Project object */;
			proxyType = 1;
			remoteGlobalIDString = 485898B51BD0A087007EAB92;
			remoteInfo = WebView;
		};
/* End PBXContainerItemProxy section */

/* Begin PBXFileReference section */
		485898B61BD0A087007EAB92 /* WebView.app */ = {isa = PBXFileReference; explicitFileType = wrapper.application; includeInIndex = 0; path = WebView.app; sourceTree = BUILT_PRODUCTS_DIR; };
		485898B91BD0A087007EAB92 /* AppDelegate.swift */ = {isa = PBXFileReference; lastKnownFileType = sourcecode.swift; path = AppDelegate.swift; sourceTree = "<group>"; };
		485898BB1BD0A087007EAB92 /* ViewController.swift */ = {isa = PBXFileReference; lastKnownFileType = sourcecode.swift; path = ViewController.swift; sourceTree = "<group>"; };
		485898BE1BD0A087007EAB92 /* Base */ = {isa = PBXFileReference; lastKnownFileType = file.storyboard; name = Base; path = Base.lproj/Main.storyboard; sourceTree = "<group>"; };
		485898C01BD0A087007EAB92 /* Assets.xcassets */ = {isa = PBXFileReference; lastKnownFileType = folder.assetcatalog; path = Assets.xcassets; sourceTree = "<group>"; };
		485898C31BD0A087007EAB92 /* Base */ = {isa = PBXFileReference; lastKnownFileType = file.storyboard; name = Base; path = Base.lproj/LaunchScreen.storyboard; sourceTree = "<group>"; };
		485898C51BD0A087007EAB92 /* Info.plist */ = {isa = PBXFileReference; lastKnownFileType = text.plist.xml; path = Info.plist; sourceTree = "<group>"; };
		485898CA1BD0A087007EAB92 /* WebViewTests.xctest */ = {isa = PBXFileReference; explicitFileType = wrapper.cfbundle; includeInIndex = 0; path = WebViewTests.xctest; sourceTree = BUILT_PRODUCTS_DIR; };
		485898CE1BD0A087007EAB92 /* WebViewTests.swift */ = {isa = PBXFileReference; lastKnownFileType = sourcecode.swift; path = WebViewTests.swift; sourceTree = "<group>"; };
		485898D01BD0A087007EAB92 /* Info.plist */ = {isa = PBXFileReference; lastKnownFileType = text.plist.xml; path = Info.plist; sourceTree = "<group>"; };
		485898D51BD0A087007EAB92 /* WebViewUITests.xctest */ = {isa = PBXFileReference; explicitFileType = wrapper.cfbundle; includeInIndex = 0; path = WebViewUITests.xctest; sourceTree = BUILT_PRODUCTS_DIR; };
		485898D91BD0A087007EAB92 /* WebViewUITests.swift */ = {isa = PBXFileReference; lastKnownFileType = sourcecode.swift; path = WebViewUITests.swift; sourceTree = "<group>"; };
		485898DB1BD0A087007EAB92 /* Info.plist */ = {isa = PBXFileReference; lastKnownFileType = text.plist.xml; path = Info.plist; sourceTree = "<group>"; };
/* End PBXFileReference section */

/* Begin PBXFrameworksBuildPhase section */
		485898B31BD0A087007EAB92 /* Frameworks */ = {
			isa = PBXFrameworksBuildPhase;
			buildActionMask = 2147483647;
			files = (
			);
			runOnlyForDeploymentPostprocessing = 0;
		};
		485898C71BD0A087007EAB92 /* Frameworks */ = {
			isa = PBXFrameworksBuildPhase;
			buildActionMask = 2147483647;
			files = (
			);
			runOnlyForDeploymentPostprocessing = 0;
		};
		485898D21BD0A087007EAB92 /* Frameworks */ = {
			isa = PBXFrameworksBuildPhase;
			buildActionMask = 2147483647;
			files = (
			);
			runOnlyForDeploymentPostprocessing = 0;
		};
/* End PBXFrameworksBuildPhase section */

/* Begin PBXGroup section */
		485898AD1BD0A087007EAB92 = {
			isa = PBXGroup;
			children = (
				485898B81BD0A087007EAB92 /* WebView */,
				485898CD1BD0A087007EAB92 /* WebViewTests */,
				485898D81BD0A087007EAB92 /* WebViewUITests */,
				485898B71BD0A087007EAB92 /* Products */,
			);
			sourceTree = "<group>";
		};
		485898B71BD0A087007EAB92 /* Products */ = {
			isa = PBXGroup;
			children = (
				485898B61BD0A087007EAB92 /* WebView.app */,
				485898CA1BD0A087007EAB92 /* WebViewTests.xctest */,
				485898D51BD0A087007EAB92 /* WebViewUITests.xctest */,
			);
			name = Products;
			sourceTree = "<group>";
		};
		485898B81BD0A087007EAB92 /* WebView */ = {
			isa = PBXGroup;
			children = (
				485898B91BD0A087007EAB92 /* AppDelegate.swift */,
				485898BB1BD0A087007EAB92 /* ViewController.swift */,
				485898BD1BD0A087007EAB92 /* Main.storyboard */,
				485898C01BD0A087007EAB92 /* Assets.xcassets */,
				485898C21BD0A087007EAB92 /* LaunchScreen.storyboard */,
				485898C51BD0A087007EAB92 /* Info.plist */,
			);
			path = WebView;
			sourceTree = "<group>";
		};
		485898CD1BD0A087007EAB92 /* WebViewTests */ = {
			isa = PBXGroup;
			children = (
				485898CE1BD0A087007EAB92 /* WebViewTests.swift */,
				485898D01BD0A087007EAB92 /* Info.plist */,
			);
			path = WebViewTests;
			sourceTree = "<group>";
		};
		485898D81BD0A087007EAB92 /* WebViewUITests */ = {
			isa = PBXGroup;
			children = (
				485898D91BD0A087007EAB92 /* WebViewUITests.swift */,
				485898DB1BD0A087007EAB92 /* Info.plist */,
			);
			path = WebViewUITests;
			sourceTree = "<group>";
		};
/* End PBXGroup section */

/* Begin PBXNativeTarget section */
		485898B51BD0A087007EAB92 /* WebView */ = {
			isa = PBXNativeTarget;
			buildConfigurationList = 485898DE1BD0A087007EAB92 /* Build configuration list for PBXNativeTarget "WebView" */;
			buildPhases = (
				485898B21BD0A087007EAB92 /* Sources */,
				485898B31BD0A087007EAB92 /* Frameworks */,
				485898B41BD0A087007EAB92 /* Resources */,
			);
			buildRules = (
			);
			dependencies = (
			);
			name = WebView;
			productName = WebView;
			productReference = 485898B61BD0A087007EAB92 /* WebView.app */;
			productType = "com.apple.product-type.application";
		};
		485898C91BD0A087007EAB92 /* WebViewTests */ = {
			isa = PBXNativeTarget;
			buildConfigurationList = 485898E11BD0A087007EAB92 /* Build configuration list for PBXNativeTarget "WebViewTests" */;
			buildPhases = (
				485898C61BD0A087007EAB92 /* Sources */,
				485898C71BD0A087007EAB92 /* Frameworks */,
				485898C81BD0A087007EAB92 /* Resources */,
			);
			buildRules = (
			);
			dependencies = (
				485898CC1BD0A087007EAB92 /* PBXTargetDependency */,
			);
			name = WebViewTests;
			productName = WebViewTests;
			productReference = 485898CA1BD0A087007EAB92 /* WebViewTests.xctest */;
			productType = "com.apple.product-type.bundle.unit-test";
		};
		485898D41BD0A087007EAB92 /* WebViewUITests */ = {
			isa = PBXNativeTarget;
			buildConfigurationList = 485898E41BD0A087007EAB92 /* Build configuration list for PBXNativeTarget "WebViewUITests" */;
			buildPhases = (
				485898D11BD0A087007EAB92 /* Sources */,
				485898D21BD0A087007EAB92 /* Frameworks */,
				485898D31BD0A087007EAB92 /* Resources */,
			);
			buildRules = (
			);
			dependencies = (
				485898D71BD0A087007EAB92 /* PBXTargetDependency */,
			);
			name = WebViewUITests;
			productName = WebViewUITests;
			productReference = 485898D51BD0A087007EAB92 /* WebViewUITests.xctest */;
			productType = "com.apple.product-type.bundle.ui-testing";
		};
/* End PBXNativeTarget section */

/* Begin PBXProject section */
		485898AE1BD0A087007EAB92 /* Project object */ = {
			isa = PBXProject;
			attributes = {
				LastUpgradeCheck = 0700;
				ORGANIZATIONNAME = liushun;
				TargetAttributes = {
					485898B51BD0A087007EAB92 = {
						CreatedOnToolsVersion = 7.0.1;
					};
					485898C91BD0A087007EAB92 = {
						CreatedOnToolsVersion = 7.0.1;
						TestTargetID = 485898B51BD0A087007EAB92;
					};
					485898D41BD0A087007EAB92 = {
						CreatedOnToolsVersion = 7.0.1;
						TestTargetID = 485898B51BD0A087007EAB92;
					};
				};
			};
			buildConfigurationList = 485898B11BD0A087007EAB92 /* Build configuration list for PBXProject "WebView" */;
			compatibilityVersion = "Xcode 3.2";
			developmentRegion = English;
			hasScannedForEncodings = 0;
			knownRegions = (
				en,
				Base,
			);
			mainGroup = 485898AD1BD0A087007EAB92;
			productRefGroup = 485898B71BD0A087007EAB92 /* Products */;
			projectDirPath = "";
			projectRoot = "";
			targets = (
				485898B51BD0A087007EAB92 /* WebView */,
				485898C91BD0A087007EAB92 /* WebViewTests */,
				485898D41BD0A087007EAB92 /* WebViewUITests */,
			);
		};
/* End PBXProject section */

/* Begin PBXResourcesBuildPhase section */
		485898B41BD0A087007EAB92 /* Resources */ = {
			isa = PBXResourcesBuildPhase;
			buildActionMask = 2147483647;
			files = (
				485898C41BD0A087007EAB92 /* LaunchScreen.storyboard in Resources */,
				485898C11BD0A087007EAB92 /* Assets.xcassets in Resources */,
				485898BF1BD0A087007EAB92 /* Main.storyboard in Resources */,
			);
			runOnlyForDeploymentPostprocessing = 0;
		};
		485898C81BD0A087007EAB92 /* Resources */ = {
			isa = PBXResourcesBuildPhase;
			buildActionMask = 2147483647;
			files = (
			);
			runOnlyForDeploymentPostprocessing = 0;
		};
		485898D31BD0A087007EAB92 /* Resources */ = {
			isa = PBXResourcesBuildPhase;
			buildActionMask = 2147483647;
			files = (
			);
			runOnlyForDeploymentPostprocessing = 0;
		};
/* End PBXResourcesBuildPhase section */

/* Begin PBXSourcesBuildPhase section */
		485898B21BD0A087007EAB92 /* Sources */ = {
			isa = PBXSourcesBuildPhase;
			buildActionMask = 2147483647;
			files = (
				485898BC1BD0A087007EAB92 /* ViewController.swift in Sources */,
				485898BA1BD0A087007EAB92 /* AppDelegate.swift in Sources */,
			);
			runOnlyForDeploymentPostprocessing = 0;
		};
		485898C61BD0A087007EAB92 /* Sources */ = {
			isa = PBXSourcesBuildPhase;
			buildActionMask = 2147483647;
			files = (
				485898CF1BD0A087007EAB92 /* WebViewTests.swift in Sources */,
			);
			runOnlyForDeploymentPostprocessing = 0;
		};
		485898D11BD0A087007EAB92 /* Sources */ = {
			isa = PBXSourcesBuildPhase;
			buildActionMask = 2147483647;
			files = (
				485898DA1BD0A087007EAB92 /* WebViewUITests.swift in Sources */,
			);
			runOnlyForDeploymentPostprocessing = 0;
		};
/* End PBXSourcesBuildPhase section */

/* Begin PBXTargetDependency section */
		485898CC1BD0A087007EAB92 /* PBXTargetDependency */ = {
			isa = PBXTargetDependency;
			target = 485898B51BD0A087007EAB92 /* WebView */;
			targetProxy = 485898CB1BD0A087007EAB92 /* PBXContainerItemProxy */;
		};
		485898D71BD0A087007EAB92 /* PBXTargetDependency */ = {
			isa = PBXTargetDependency;
			target = 485898B51BD0A087007EAB92 /* WebView */;
			targetProxy = 485898D61BD0A087007EAB92 /* PBXContainerItemProxy */;
		};
/* End PBXTargetDependency section */

/* Begin PBXVariantGroup section */
		485898BD1BD0A087007EAB92 /* Main.storyboard */ = {
			isa = PBXVariantGroup;
			children = (
				485898BE1BD0A087007EAB92 /* Base */,
			);
			name = Main.storyboard;
			sourceTree = "<group>";
		};
		485898C21BD0A087007EAB92 /* LaunchScreen.storyboard */ = {
			isa = PBXVariantGroup;
			children = (
				485898C31BD0A087007EAB92 /* Base */,
			);
			name = LaunchScreen.storyboard;
			sourceTree = "<group>";
		};
/* End PBXVariantGroup section */

/* Begin XCBuildConfiguration section */
		485898DC1BD0A087007EAB92 /* Debug */ = {
			isa = XCBuildConfiguration;
			buildSettings = {
				ALWAYS_SEARCH_USER_PATHS = NO;
				CLANG_CXX_LANGUAGE_STANDARD = "gnu++0x";
				CLANG_CXX_LIBRARY = "libc++";
				CLANG_ENABLE_MODULES = YES;
				CLANG_ENABLE_OBJC_ARC = YES;
				CLANG_WARN_BOOL_CONVERSION = YES;
				CLANG_WARN_CONSTANT_CONVERSION = YES;
				CLANG_WARN_DIRECT_OBJC_ISA_USAGE = YES_ERROR;
				CLANG_WARN_EMPTY_BODY = YES;
				CLANG_WARN_ENUM_CONVERSION = YES;
				CLANG_WARN_INT_CONVERSION = YES;
				CLANG_WARN_OBJC_ROOT_CLASS = YES_ERROR;
				CLANG_WARN_UNREACHABLE_CODE = YES;
				CLANG_WARN__DUPLICATE_METHOD_MATCH = YES;
				"CODE_SIGN_IDENTITY[sdk=iphoneos*]" = "iPhone Developer";
				COPY_PHASE_STRIP = NO;
				DEBUG_INFORMATION_FORMAT = dwarf;
				ENABLE_STRICT_OBJC_MSGSEND = YES;
				ENABLE_TESTABILITY = YES;
				GCC_C_LANGUAGE_STANDARD = gnu99;
				GCC_DYNAMIC_NO_PIC = NO;
				GCC_NO_COMMON_BLOCKS = YES;
				GCC_OPTIMIZATION_LEVEL = 0;
				GCC_PREPROCESSOR_DEFINITIONS = (
					"DEBUG=1",
					"$(inherited)",
				);
				GCC_WARN_64_TO_32_BIT_CONVERSION = YES;
				GCC_WARN_ABOUT_RETURN_TYPE = YES_ERROR;
				GCC_WARN_UNDECLARED_SELECTOR = YES;
				GCC_WARN_UNINITIALIZED_AUTOS = YES_AGGRESSIVE;
				GCC_WARN_UNUSED_FUNCTION = YES;
				GCC_WARN_UNUSED_VARIABLE = YES;
				IPHONEOS_DEPLOYMENT_TARGET = 9.0;
				MTL_ENABLE_DEBUG_INFO = YES;
				ONLY_ACTIVE_ARCH = YES;
				SDKROOT = iphoneos;
				SWIFT_OPTIMIZATION_LEVEL = "-Onone";
			};
			name = Debug;
		};
		485898DD1BD0A087007EAB92 /* Release */ = {
			isa = XCBuildConfiguration;
			buildSettings = {
				ALWAYS_SEARCH_USER_PATHS = NO;
				CLANG_CXX_LANGUAGE_STANDARD = "gnu++0x";
				CLANG_CXX_LIBRARY = "libc++";
				CLANG_ENABLE_MODULES = YES;
				CLANG_ENABLE_OBJC_ARC = YES;
				CLANG_WARN_BOOL_CONVERSION = YES;
				CLANG_WARN_CONSTANT_CONVERSION = YES;
				CLANG_WARN_DIRECT_OBJC_ISA_USAGE = YES_ERROR;
				CLANG_WARN_EMPTY_BODY = YES;
				CLANG_WARN_ENUM_CONVERSION = YES;
				CLANG_WARN_INT_CONVERSION = YES;
				CLANG_WARN_OBJC_ROOT_CLASS = YES_ERROR;
				CLANG_WARN_UNREACHABLE_CODE = YES;
				CLANG_WARN__DUPLICATE_METHOD_MATCH = YES;
				"CODE_SIGN_IDENTITY[sdk=iphoneos*]" = "iPhone Developer";
				COPY_PHASE_STRIP = NO;
				DEBUG_INFORMATION_FORMAT = "dwarf-with-dsym";
				ENABLE_NS_ASSERTIONS = NO;
				ENABLE_STRICT_OBJC_MSGSEND = YES;
				GCC_C_LANGUAGE_STANDARD = gnu99;
				GCC_NO_COMMON_BLOCKS = YES;
				GCC_WARN_64_TO_32_BIT_CONVERSION = YES;
				GCC_WARN_ABOUT_RETURN_TYPE = YES_ERROR;
				GCC_WARN_UNDECLARED_SELECTOR = YES;
				GCC_WARN_UNINITIALIZED_AUTOS = YES_AGGRESSIVE;
				GCC_WARN_UNUSED_FUNCTION = YES;
				GCC_WARN_UNUSED_VARIABLE = YES;
				IPHONEOS_DEPLOYMENT_TARGET = 9.0;
				MTL_ENABLE_DEBUG_INFO = NO;
				SDKROOT = iphoneos;
				VALIDATE_PRODUCT = YES;
			};
			name = Release;
		};
		485898DF1BD0A087007EAB92 /* Debug */ = {
			isa = XCBuildConfiguration;
			buildSettings = {
				ASSETCATALOG_COMPILER_APPICON_NAME = AppIcon;
				INFOPLIST_FILE = WebView/Info.plist;
				LD_RUNPATH_SEARCH_PATHS = "$(inherited) @executable_path/Frameworks";
				PRODUCT_BUNDLE_IDENTIFIER = hc360.WebView;
				PRODUCT_NAME = "$(TARGET_NAME)";
			};
			name = Debug;
		};
		485898E01BD0A087007EAB92 /* Release */ = {
			isa = XCBuildConfiguration;
			buildSettings = {
				ASSETCATALOG_COMPILER_APPICON_NAME = AppIcon;
				INFOPLIST_FILE = WebView/Info.plist;
				LD_RUNPATH_SEARCH_PATHS = "$(inherited) @executable_path/Frameworks";
				PRODUCT_BUNDLE_IDENTIFIER = hc360.WebView;
				PRODUCT_NAME = "$(TARGET_NAME)";
			};
			name = Release;
		};
		485898E21BD0A087007EAB92 /* Debug */ = {
			isa = XCBuildConfiguration;
			buildSettings = {
				BUNDLE_LOADER = "$(TEST_HOST)";
				INFOPLIST_FILE = WebViewTests/Info.plist;
				LD_RUNPATH_SEARCH_PATHS = "$(inherited) @executable_path/Frameworks @loader_path/Frameworks";
				PRODUCT_BUNDLE_IDENTIFIER = hc360.WebViewTests;
				PRODUCT_NAME = "$(TARGET_NAME)";
				TEST_HOST = "$(BUILT_PRODUCTS_DIR)/WebView.app/WebView";
			};
			name = Debug;
		};
		485898E31BD0A087007EAB92 /* Release */ = {
			isa = XCBuildConfiguration;
			buildSettings = {
				BUNDLE_LOADER = "$(TEST_HOST)";
				INFOPLIST_FILE = WebViewTests/Info.plist;
				LD_RUNPATH_SEARCH_PATHS = "$(inherited) @executable_path/Frameworks @loader_path/Frameworks";
				PRODUCT_BUNDLE_IDENTIFIER = hc360.WebViewTests;
				PRODUCT_NAME = "$(TARGET_NAME)";
				TEST_HOST = "$(BUILT_PRODUCTS_DIR)/WebView.app/WebView";
			};
			name = Release;
		};
		485898E51BD0A087007EAB92 /* Debug */ = {
			isa = XCBuildConfiguration;
			buildSettings = {
				INFOPLIST_FILE = WebViewUITests/Info.plist;
				LD_RUNPATH_SEARCH_PATHS = "$(inherited) @executable_path/Frameworks @loader_path/Frameworks";
				PRODUCT_BUNDLE_IDENTIFIER = hc360.WebViewUITests;
				PRODUCT_NAME = "$(TARGET_NAME)";
				TEST_TARGET_NAME = WebView;
				USES_XCTRUNNER = YES;
			};
			name = Debug;
		};
		485898E61BD0A087007EAB92 /* Release */ = {
			isa = XCBuildConfiguration;
			buildSettings = {
				INFOPLIST_FILE = WebViewUITests/Info.plist;
				LD_RUNPATH_SEARCH_PATHS = "$(inherited) @executable_path/Frameworks @loader_path/Frameworks";
				PRODUCT_BUNDLE_IDENTIFIER = hc360.WebViewUITests;
				PRODUCT_NAME = "$(TARGET_NAME)";
				TEST_TARGET_NAME = WebView;
				USES_XCTRUNNER = YES;
			};
			name = Release;
		};
/* End XCBuildConfiguration section */

/* Begin XCConfigurationList section */
		485898B11BD0A087007EAB92 /* Build configuration list for PBXProject "WebView" */ = {
			isa = XCConfigurationList;
			buildConfigurations = (
				485898DC1BD0A087007EAB92 /* Debug */,
				485898DD1BD0A087007EAB92 /* Release */,
			);
			defaultConfigurationIsVisible = 0;
			defaultConfigurationName = Release;
		};
		485898DE1BD0A087007EAB92 /* Build configuration list for PBXNativeTarget "WebView" */ = {
			isa = XCConfigurationList;
			buildConfigurations = (
				485898DF1BD0A087007EAB92 /* Debug */,
				485898E01BD0A087007EAB92 /* Release */,
			);
			defaultConfigurationIsVisible = 0;
		};
		485898E11BD0A087007EAB92 /* Build configuration list for PBXNativeTarget "WebViewTests" */ = {
			isa = XCConfigurationList;
			buildConfigurations = (
				485898E21BD0A087007EAB92 /* Debug */,
				485898E31BD0A087007EAB92 /* Release */,
			);
			defaultConfigurationIsVisible = 0;
		};
		485898E41BD0A087007EAB92 /* Build configuration list for PBXNativeTarget "WebViewUITests" */ = {
			isa = XCConfigurationList;
			buildConfigurations = (
				485898E51BD0A087007EAB92 /* Debug */,
				485898E61BD0A087007EAB92 /* Release */,
			);
			defaultConfigurationIsVisible = 0;
		};
/* End XCConfigurationList section */
	};
	rootObject = 485898AE1BD0A087007EAB92 /* Project object */;
}
