// !$*UTF8*$!
{
	archiveVersion = 1;
	classes = {
	};
	objectVersion = 46;
	objects = {

/* Begin PBXBuildFile section */
		48E939631B8C3ECA0057A141 /* AppDelegate.swift in Sources */ = {isa = PBXBuildFile; fileRef = 48E939621B8C3ECA0057A141 /* AppDelegate.swift */; };
		48E939651B8C3ECA0057A141 /* ViewController.swift in Sources */ = {isa = PBXBuildFile; fileRef = 48E939641B8C3ECA0057A141 /* ViewController.swift */; };
		48E939681B8C3ECA0057A141 /* Main.storyboard in Resources */ = {isa = PBXBuildFile; fileRef = 48E939661B8C3ECA0057A141 /* Main.storyboard */; };
		48E9396A1B8C3ECA0057A141 /* Images.xcassets in Resources */ = {isa = PBXBuildFile; fileRef = 48E939691B8C3ECA0057A141 /* Images.xcassets */; };
		48E9396D1B8C3ECA0057A141 /* LaunchScreen.xib in Resources */ = {isa = PBXBuildFile; fileRef = 48E9396B1B8C3ECA0057A141 /* LaunchScreen.xib */; };
		48E939791B8C3ECA0057A141 /* test_swiftTests.swift in Sources */ = {isa = PBXBuildFile; fileRef = 48E939781B8C3ECA0057A141 /* test_swiftTests.swift */; };
/* End PBXBuildFile section */

/* Begin PBXContainerItemProxy section */
		48E939731B8C3ECA0057A141 /* PBXContainerItemProxy */ = {
			isa = PBXContainerItemProxy;
			containerPortal = 48E939551B8C3ECA0057A141 /* Project object */;
			proxyType = 1;
			remoteGlobalIDString = 48E9395C1B8C3ECA0057A141;
			remoteInfo = "test-swift";
		};
/* End PBXContainerItemProxy section */

/* Begin PBXFileReference section */
		48E9395D1B8C3ECA0057A141 /* test-swift.app */ = {isa = PBXFileReference; explicitFileType = wrapper.application; includeInIndex = 0; path = "test-swift.app"; sourceTree = BUILT_PRODUCTS_DIR; };
		48E939611B8C3ECA0057A141 /* Info.plist */ = {isa = PBXFileReference; lastKnownFileType = text.plist.xml; path = Info.plist; sourceTree = "<group>"; };
		48E939621B8C3ECA0057A141 /* AppDelegate.swift */ = {isa = PBXFileReference; lastKnownFileType = sourcecode.swift; path = AppDelegate.swift; sourceTree = "<group>"; };
		48E939641B8C3ECA0057A141 /* ViewController.swift */ = {isa = PBXFileReference; lastKnownFileType = sourcecode.swift; path = ViewController.swift; sourceTree = "<group>"; };
		48E939671B8C3ECA0057A141 /* Base */ = {isa = PBXFileReference; lastKnownFileType = file.storyboard; name = Base; path = Base.lproj/Main.storyboard; sourceTree = "<group>"; };
		48E939691B8C3ECA0057A141 /* Images.xcassets */ = {isa = PBXFileReference; lastKnownFileType = folder.assetcatalog; path = Images.xcassets; sourceTree = "<group>"; };
		48E9396C1B8C3ECA0057A141 /* Base */ = {isa = PBXFileReference; lastKnownFileType = file.xib; name = Base; path = Base.lproj/LaunchScreen.xib; sourceTree = "<group>"; };
		48E939721B8C3ECA0057A141 /* test-swiftTests.xctest */ = {isa = PBXFileReference; explicitFileType = wrapper.cfbundle; includeInIndex = 0; path = "test-swiftTests.xctest"; sourceTree = BUILT_PRODUCTS_DIR; };
		48E939771B8C3ECA0057A141 /* Info.plist */ = {isa = PBXFileReference; lastKnownFileType = text.plist.xml; path = Info.plist; sourceTree = "<group>"; };
		48E939781B8C3ECA0057A141 /* test_swiftTests.swift */ = {isa = PBXFileReference; lastKnownFileType = sourcecode.swift; path = test_swiftTests.swift; sourceTree = "<group>"; };
/* End PBXFileReference section */

/* Begin PBXFrameworksBuildPhase section */
		48E9395A1B8C3ECA0057A141 /* Frameworks */ = {
			isa = PBXFrameworksBuildPhase;
			buildActionMask = 2147483647;
			files = (
			);
			runOnlyForDeploymentPostprocessing = 0;
		};
		48E9396F1B8C3ECA0057A141 /* Frameworks */ = {
			isa = PBXFrameworksBuildPhase;
			buildActionMask = 2147483647;
			files = (
			);
			runOnlyForDeploymentPostprocessing = 0;
		};
/* End PBXFrameworksBuildPhase section */

/* Begin PBXGroup section */
		48E939541B8C3ECA0057A141 = {
			isa = PBXGroup;
			children = (
				48E9395F1B8C3ECA0057A141 /* test-swift */,
				48E939751B8C3ECA0057A141 /* test-swiftTests */,
				48E9395E1B8C3ECA0057A141 /* Products */,
			);
			sourceTree = "<group>";
		};
		48E9395E1B8C3ECA0057A141 /* Products */ = {
			isa = PBXGroup;
			children = (
				48E9395D1B8C3ECA0057A141 /* test-swift.app */,
				48E939721B8C3ECA0057A141 /* test-swiftTests.xctest */,
			);
			name = Products;
			sourceTree = "<group>";
		};
		48E9395F1B8C3ECA0057A141 /* test-swift */ = {
			isa = PBXGroup;
			children = (
				48E939621B8C3ECA0057A141 /* AppDelegate.swift */,
				48E939641B8C3ECA0057A141 /* ViewController.swift */,
				48E939661B8C3ECA0057A141 /* Main.storyboard */,
				48E939691B8C3ECA0057A141 /* Images.xcassets */,
				48E9396B1B8C3ECA0057A141 /* LaunchScreen.xib */,
				48E939601B8C3ECA0057A141 /* Supporting Files */,
			);
			path = "test-swift";
			sourceTree = "<group>";
		};
		48E939601B8C3ECA0057A141 /* Supporting Files */ = {
			isa = PBXGroup;
			children = (
				48E939611B8C3ECA0057A141 /* Info.plist */,
			);
			name = "Supporting Files";
			sourceTree = "<group>";
		};
		48E939751B8C3ECA0057A141 /* test-swiftTests */ = {
			isa = PBXGroup;
			children = (
				48E939781B8C3ECA0057A141 /* test_swiftTests.swift */,
				48E939761B8C3ECA0057A141 /* Supporting Files */,
			);
			path = "test-swiftTests";
			sourceTree = "<group>";
		};
		48E939761B8C3ECA0057A141 /* Supporting Files */ = {
			isa = PBXGroup;
			children = (
				48E939771B8C3ECA0057A141 /* Info.plist */,
			);
			name = "Supporting Files";
			sourceTree = "<group>";
		};
/* End PBXGroup section */

/* Begin PBXNativeTarget section */
		48E9395C1B8C3ECA0057A141 /* test-swift */ = {
			isa = PBXNativeTarget;
			buildConfigurationList = 48E9397C1B8C3ECA0057A141 /* Build configuration list for PBXNativeTarget "test-swift" */;
			buildPhases = (
				48E939591B8C3ECA0057A141 /* Sources */,
				48E9395A1B8C3ECA0057A141 /* Frameworks */,
				48E9395B1B8C3ECA0057A141 /* Resources */,
			);
			buildRules = (
			);
			dependencies = (
			);
			name = "test-swift";
			productName = "test-swift";
			productReference = 48E9395D1B8C3ECA0057A141 /* test-swift.app */;
			productType = "com.apple.product-type.application";
		};
		48E939711B8C3ECA0057A141 /* test-swiftTests */ = {
			isa = PBXNativeTarget;
			buildConfigurationList = 48E9397F1B8C3ECA0057A141 /* Build configuration list for PBXNativeTarget "test-swiftTests" */;
			buildPhases = (
				48E9396E1B8C3ECA0057A141 /* Sources */,
				48E9396F1B8C3ECA0057A141 /* Frameworks */,
				48E939701B8C3ECA0057A141 /* Resources */,
			);
			buildRules = (
			);
			dependencies = (
				48E939741B8C3ECA0057A141 /* PBXTargetDependency */,
			);
			name = "test-swiftTests";
			productName = "test-swiftTests";
			productReference = 48E939721B8C3ECA0057A141 /* test-swiftTests.xctest */;
			productType = "com.apple.product-type.bundle.unit-test";
		};
/* End PBXNativeTarget section */

/* Begin PBXProject section */
		48E939551B8C3ECA0057A141 /* Project object */ = {
			isa = PBXProject;
			attributes = {
				LastUpgradeCheck = 0640;
				ORGANIZATIONNAME = liushun;
				TargetAttributes = {
					48E9395C1B8C3ECA0057A141 = {
						CreatedOnToolsVersion = 6.4;
					};
					48E939711B8C3ECA0057A141 = {
						CreatedOnToolsVersion = 6.4;
						TestTargetID = 48E9395C1B8C3ECA0057A141;
					};
				};
			};
			buildConfigurationList = 48E939581B8C3ECA0057A141 /* Build configuration list for PBXProject "test-swift" */;
			compatibilityVersion = "Xcode 3.2";
			developmentRegion = English;
			hasScannedForEncodings = 0;
			knownRegions = (
				en,
				Base,
			);
			mainGroup = 48E939541B8C3ECA0057A141;
			productRefGroup = 48E9395E1B8C3ECA0057A141 /* Products */;
			projectDirPath = "";
			projectRoot = "";
			targets = (
				48E9395C1B8C3ECA0057A141 /* test-swift */,
				48E939711B8C3ECA0057A141 /* test-swiftTests */,
			);
		};
/* End PBXProject section */

/* Begin PBXResourcesBuildPhase section */
		48E9395B1B8C3ECA0057A141 /* Resources */ = {
			isa = PBXResourcesBuildPhase;
			buildActionMask = 2147483647;
			files = (
				48E939681B8C3ECA0057A141 /* Main.storyboard in Resources */,
				48E9396D1B8C3ECA0057A141 /* LaunchScreen.xib in Resources */,
				48E9396A1B8C3ECA0057A141 /* Images.xcassets in Resources */,
			);
			runOnlyForDeploymentPostprocessing = 0;
		};
		48E939701B8C3ECA0057A141 /* Resources */ = {
			isa = PBXResourcesBuildPhase;
			buildActionMask = 2147483647;
			files = (
			);
			runOnlyForDeploymentPostprocessing = 0;
		};
/* End PBXResourcesBuildPhase section */

/* Begin PBXSourcesBuildPhase section */
		48E939591B8C3ECA0057A141 /* Sources */ = {
			isa = PBXSourcesBuildPhase;
			buildActionMask = 2147483647;
			files = (
				48E939651B8C3ECA0057A141 /* ViewController.swift in Sources */,
				48E939631B8C3ECA0057A141 /* AppDelegate.swift in Sources */,
			);
			runOnlyForDeploymentPostprocessing = 0;
		};
		48E9396E1B8C3ECA0057A141 /* Sources */ = {
			isa = PBXSourcesBuildPhase;
			buildActionMask = 2147483647;
			files = (
				48E939791B8C3ECA0057A141 /* test_swiftTests.swift in Sources */,
			);
			runOnlyForDeploymentPostprocessing = 0;
		};
/* End PBXSourcesBuildPhase section */

/* Begin PBXTargetDependency section */
		48E939741B8C3ECA0057A141 /* PBXTargetDependency */ = {
			isa = PBXTargetDependency;
			target = 48E9395C1B8C3ECA0057A141 /* test-swift */;
			targetProxy = 48E939731B8C3ECA0057A141 /* PBXContainerItemProxy */;
		};
/* End PBXTargetDependency section */

/* Begin PBXVariantGroup section */
		48E939661B8C3ECA0057A141 /* Main.storyboard */ = {
			isa = PBXVariantGroup;
			children = (
				48E939671B8C3ECA0057A141 /* Base */,
			);
			name = Main.storyboard;
			sourceTree = "<group>";
		};
		48E9396B1B8C3ECA0057A141 /* LaunchScreen.xib */ = {
			isa = PBXVariantGroup;
			children = (
				48E9396C1B8C3ECA0057A141 /* Base */,
			);
			name = LaunchScreen.xib;
			sourceTree = "<group>";
		};
/* End PBXVariantGroup section */

/* Begin XCBuildConfiguration section */
		48E9397A1B8C3ECA0057A141 /* Debug */ = {
			isa = XCBuildConfiguration;
			buildSettings = {
				ALWAYS_SEARCH_USER_PATHS = NO;
				CLANG_CXX_LANGUAGE_STANDARD = "gnu++0x";
				CLANG_CXX_LIBRARY = "libc++";
				CLANG_ENABLE_MODULES = YES;
				CLANG_ENABLE_OBJC_ARC = YES;
				CLANG_WARN_BOOL_CONVERSION = YES;
				CLANG_WARN_CONSTANT_CONVERSION = YES;
				CLANG_WARN_DIRECT_OBJC_ISA_USAGE = YES_ERROR;
				CLANG_WARN_EMPTY_BODY = YES;
				CLANG_WARN_ENUM_CONVERSION = YES;
				CLANG_WARN_INT_CONVERSION = YES;
				CLANG_WARN_OBJC_ROOT_CLASS = YES_ERROR;
				CLANG_WARN_UNREACHABLE_CODE = YES;
				CLANG_WARN__DUPLICATE_METHOD_MATCH = YES;
				"CODE_SIGN_IDENTITY[sdk=iphoneos*]" = "iPhone Developer";
				COPY_PHASE_STRIP = NO;
				DEBUG_INFORMATION_FORMAT = "dwarf-with-dsym";
				ENABLE_STRICT_OBJC_MSGSEND = YES;
				GCC_C_LANGUAGE_STANDARD = gnu99;
				GCC_DYNAMIC_NO_PIC = NO;
				GCC_NO_COMMON_BLOCKS = YES;
				GCC_OPTIMIZATION_LEVEL = 0;
				GCC_PREPROCESSOR_DEFINITIONS = (
					"DEBUG=1",
					"$(inherited)",
				);
				GCC_SYMBOLS_PRIVATE_EXTERN = NO;
				GCC_WARN_64_TO_32_BIT_CONVERSION = YES;
				GCC_WARN_ABOUT_RETURN_TYPE = YES_ERROR;
				GCC_WARN_UNDECLARED_SELECTOR = YES;
				GCC_WARN_UNINITIALIZED_AUTOS = YES_AGGRESSIVE;
				GCC_WARN_UNUSED_FUNCTION = YES;
				GCC_WARN_UNUSED_VARIABLE = YES;
				IPHONEOS_DEPLOYMENT_TARGET = 8.4;
				MTL_ENABLE_DEBUG_INFO = YES;
				ONLY_ACTIVE_ARCH = YES;
				SDKROOT = iphoneos;
				SWIFT_OPTIMIZATION_LEVEL = "-Onone";
				TARGETED_DEVICE_FAMILY = "1,2";
			};
			name = Debug;
		};
		48E9397B1B8C3ECA0057A141 /* Release */ = {
			isa = XCBuildConfiguration;
			buildSettings = {
				ALWAYS_SEARCH_USER_PATHS = NO;
				CLANG_CXX_LANGUAGE_STANDARD = "gnu++0x";
				CLANG_CXX_LIBRARY = "libc++";
				CLANG_ENABLE_MODULES = YES;
				CLANG_ENABLE_OBJC_ARC = YES;
				CLANG_WARN_BOOL_CONVERSION = YES;
				CLANG_WARN_CONSTANT_CONVERSION = YES;
				CLANG_WARN_DIRECT_OBJC_ISA_USAGE = YES_ERROR;
				CLANG_WARN_EMPTY_BODY = YES;
				CLANG_WARN_ENUM_CONVERSION = YES;
				CLANG_WARN_INT_CONVERSION = YES;
				CLANG_WARN_OBJC_ROOT_CLASS = YES_ERROR;
				CLANG_WARN_UNREACHABLE_CODE = YES;
				CLANG_WARN__DUPLICATE_METHOD_MATCH = YES;
				"CODE_SIGN_IDENTITY[sdk=iphoneos*]" = "iPhone Developer";
				COPY_PHASE_STRIP = NO;
				DEBUG_INFORMATION_FORMAT = "dwarf-with-dsym";
				ENABLE_NS_ASSERTIONS = NO;
				ENABLE_STRICT_OBJC_MSGSEND = YES;
				GCC_C_LANGUAGE_STANDARD = gnu99;
				GCC_NO_COMMON_BLOCKS = YES;
				GCC_WARN_64_TO_32_BIT_CONVERSION = YES;
				GCC_WARN_ABOUT_RETURN_TYPE = YES_ERROR;
				GCC_WARN_UNDECLARED_SELECTOR = YES;
				GCC_WARN_UNINITIALIZED_AUTOS = YES_AGGRESSIVE;
				GCC_WARN_UNUSED_FUNCTION = YES;
				GCC_WARN_UNUSED_VARIABLE = YES;
				IPHONEOS_DEPLOYMENT_TARGET = 8.4;
				MTL_ENABLE_DEBUG_INFO = NO;
				SDKROOT = iphoneos;
				TARGETED_DEVICE_FAMILY = "1,2";
				VALIDATE_PRODUCT = YES;
			};
			name = Release;
		};
		48E9397D1B8C3ECA0057A141 /* Debug */ = {
			isa = XCBuildConfiguration;
			buildSettings = {
				ASSETCATALOG_COMPILER_APPICON_NAME = AppIcon;
				INFOPLIST_FILE = "test-swift/Info.plist";
				LD_RUNPATH_SEARCH_PATHS = "$(inherited) @executable_path/Frameworks";
				PRODUCT_NAME = "$(TARGET_NAME)";
			};
			name = Debug;
		};
		48E9397E1B8C3ECA0057A141 /* Release */ = {
			isa = XCBuildConfiguration;
			buildSettings = {
				ASSETCATALOG_COMPILER_APPICON_NAME = AppIcon;
				INFOPLIST_FILE = "test-swift/Info.plist";
				LD_RUNPATH_SEARCH_PATHS = "$(inherited) @executable_path/Frameworks";
				PRODUCT_NAME = "$(TARGET_NAME)";
			};
			name = Release;
		};
		48E939801B8C3ECA0057A141 /* Debug */ = {
			isa = XCBuildConfiguration;
			buildSettings = {
				BUNDLE_LOADER = "$(TEST_HOST)";
				FRAMEWORK_SEARCH_PATHS = (
					"$(SDKROOT)/Developer/Library/Frameworks",
					"$(inherited)",
				);
				GCC_PREPROCESSOR_DEFINITIONS = (
					"DEBUG=1",
					"$(inherited)",
				);
				INFOPLIST_FILE = "test-swiftTests/Info.plist";
				LD_RUNPATH_SEARCH_PATHS = "$(inherited) @executable_path/Frameworks @loader_path/Frameworks";
				PRODUCT_NAME = "$(TARGET_NAME)";
				TEST_HOST = "$(BUILT_PRODUCTS_DIR)/test-swift.app/test-swift";
			};
			name = Debug;
		};
		48E939811B8C3ECA0057A141 /* Release */ = {
			isa = XCBuildConfiguration;
			buildSettings = {
				BUNDLE_LOADER = "$(TEST_HOST)";
				FRAMEWORK_SEARCH_PATHS = (
					"$(SDKROOT)/Developer/Library/Frameworks",
					"$(inherited)",
				);
				INFOPLIST_FILE = "test-swiftTests/Info.plist";
				LD_RUNPATH_SEARCH_PATHS = "$(inherited) @executable_path/Frameworks @loader_path/Frameworks";
				PRODUCT_NAME = "$(TARGET_NAME)";
				TEST_HOST = "$(BUILT_PRODUCTS_DIR)/test-swift.app/test-swift";
			};
			name = Release;
		};
/* End XCBuildConfiguration section */

/* Begin XCConfigurationList section */
		48E939581B8C3ECA0057A141 /* Build configuration list for PBXProject "test-swift" */ = {
			isa = XCConfigurationList;
			buildConfigurations = (
				48E9397A1B8C3ECA0057A141 /* Debug */,
				48E9397B1B8C3ECA0057A141 /* Release */,
			);
			defaultConfigurationIsVisible = 0;
			defaultConfigurationName = Release;
		};
		48E9397C1B8C3ECA0057A141 /* Build configuration list for PBXNativeTarget "test-swift" */ = {
			isa = XCConfigurationList;
			buildConfigurations = (
				48E9397D1B8C3ECA0057A141 /* Debug */,
				48E9397E1B8C3ECA0057A141 /* Release */,
			);
			defaultConfigurationIsVisible = 0;
		};
		48E9397F1B8C3ECA0057A141 /* Build configuration list for PBXNativeTarget "test-swiftTests" */ = {
			isa = XCConfigurationList;
			buildConfigurations = (
				48E939801B8C3ECA0057A141 /* Debug */,
				48E939811B8C3ECA0057A141 /* Release */,
			);
			defaultConfigurationIsVisible = 0;
		};
/* End XCConfigurationList section */
	};
	rootObject = 48E939551B8C3ECA0057A141 /* Project object */;
}
