// !$*UTF8*$!
{
	archiveVersion = 1;
	classes = {
	};
	objectVersion = 46;
	objects = {

/* Begin PBXBuildFile section */
		4846ABC21B9C1C3E006308DB /* main.m in Sources */ = {isa = PBXBuildFile; fileRef = 4846ABC11B9C1C3E006308DB /* main.m */; };
/* End PBXBuildFile section */

/* Begin PBXCopyFilesBuildPhase section */
		4846ABBC1B9C1C3E006308DB /* CopyFiles */ = {
			isa = PBXCopyFilesBuildPhase;
			buildActionMask = 2147483647;
			dstPath = /usr/share/man/man1/;
			dstSubfolderSpec = 0;
			files = (
			);
			runOnlyForDeploymentPostprocessing = 1;
		};
/* End PBXCopyFilesBuildPhase section */

/* Begin PBXFileReference section */
		4846ABBE1B9C1C3E006308DB /* FirstClass */ = {isa = PBXFileReference; explicitFileType = "compiled.mach-o.executable"; includeInIndex = 0; path = FirstClass; sourceTree = BUILT_PRODUCTS_DIR; };
		4846ABC11B9C1C3E006308DB /* main.m */ = {isa = PBXFileReference; lastKnownFileType = sourcecode.c.objc; path = main.m; sourceTree = "<group>"; };
/* End PBXFileReference section */

/* Begin PBXFrameworksBuildPhase section */
		4846ABBB1B9C1C3E006308DB /* Frameworks */ = {
			isa = PBXFrameworksBuildPhase;
			buildActionMask = 2147483647;
			files = (
			);
			runOnlyForDeploymentPostprocessing = 0;
		};
/* End PBXFrameworksBuildPhase section */

/* Begin PBXGroup section */
		4846ABB51B9C1C3E006308DB = {
			isa = PBXGroup;
			children = (
				4846ABC01B9C1C3E006308DB /* FirstClass */,
				4846ABBF1B9C1C3E006308DB /* Products */,
			);
			sourceTree = "<group>";
		};
		4846ABBF1B9C1C3E006308DB /* Products */ = {
			isa = PBXGroup;
			children = (
				4846ABBE1B9C1C3E006308DB /* FirstClass */,
			);
			name = Products;
			sourceTree = "<group>";
		};
		4846ABC01B9C1C3E006308DB /* FirstClass */ = {
			isa = PBXGroup;
			children = (
				4846ABC11B9C1C3E006308DB /* main.m */,
			);
			path = FirstClass;
			sourceTree = "<group>";
		};
/* End PBXGroup section */

/* Begin PBXNativeTarget section */
		4846ABBD1B9C1C3E006308DB /* FirstClass */ = {
			isa = PBXNativeTarget;
			buildConfigurationList = 4846ABC51B9C1C3E006308DB /* Build configuration list for PBXNativeTarget "FirstClass" */;
			buildPhases = (
				4846ABBA1B9C1C3E006308DB /* Sources */,
				4846ABBB1B9C1C3E006308DB /* Frameworks */,
				4846ABBC1B9C1C3E006308DB /* CopyFiles */,
			);
			buildRules = (
			);
			dependencies = (
			);
			name = FirstClass;
			productName = FirstClass;
			productReference = 4846ABBE1B9C1C3E006308DB /* FirstClass */;
			productType = "com.apple.product-type.tool";
		};
/* End PBXNativeTarget section */

/* Begin PBXProject section */
		4846ABB61B9C1C3E006308DB /* Project object */ = {
			isa = PBXProject;
			attributes = {
				LastUpgradeCheck = 0640;
				ORGANIZATIONNAME = liushun;
				TargetAttributes = {
					4846ABBD1B9C1C3E006308DB = {
						CreatedOnToolsVersion = 6.4;
					};
				};
			};
			buildConfigurationList = 4846ABB91B9C1C3E006308DB /* Build configuration list for PBXProject "FirstClass" */;
			compatibilityVersion = "Xcode 3.2";
			developmentRegion = English;
			hasScannedForEncodings = 0;
			knownRegions = (
				en,
			);
			mainGroup = 4846ABB51B9C1C3E006308DB;
			productRefGroup = 4846ABBF1B9C1C3E006308DB /* Products */;
			projectDirPath = "";
			projectRoot = "";
			targets = (
				4846ABBD1B9C1C3E006308DB /* FirstClass */,
			);
		};
/* End PBXProject section */

/* Begin PBXSourcesBuildPhase section */
		4846ABBA1B9C1C3E006308DB /* Sources */ = {
			isa = PBXSourcesBuildPhase;
			buildActionMask = 2147483647;
			files = (
				4846ABC21B9C1C3E006308DB /* main.m in Sources */,
			);
			runOnlyForDeploymentPostprocessing = 0;
		};
/* End PBXSourcesBuildPhase section */

/* Begin XCBuildConfiguration section */
		4846ABC31B9C1C3E006308DB /* Debug */ = {
			isa = XCBuildConfiguration;
			buildSettings = {
				ALWAYS_SEARCH_USER_PATHS = NO;
				CLANG_CXX_LANGUAGE_STANDARD = "gnu++0x";
				CLANG_CXX_LIBRARY = "libc++";
				CLANG_ENABLE_MODULES = YES;
				CLANG_ENABLE_OBJC_ARC = YES;
				CLANG_WARN_BOOL_CONVERSION = YES;
				CLANG_WARN_CONSTANT_CONVERSION = YES;
				CLANG_WARN_DIRECT_OBJC_ISA_USAGE = YES_ERROR;
				CLANG_WARN_EMPTY_BODY = YES;
				CLANG_WARN_ENUM_CONVERSION = YES;
				CLANG_WARN_INT_CONVERSION = YES;
				CLANG_WARN_OBJC_ROOT_CLASS = YES_ERROR;
				CLANG_WARN_UNREACHABLE_CODE = YES;
				CLANG_WARN__DUPLICATE_METHOD_MATCH = YES;
				COPY_PHASE_STRIP = NO;
				DEBUG_INFORMATION_FORMAT = dwarf;
				ENABLE_STRICT_OBJC_MSGSEND = YES;
				GCC_C_LANGUAGE_STANDARD = gnu99;
				GCC_DYNAMIC_NO_PIC = NO;
				GCC_NO_COMMON_BLOCKS = YES;
				GCC_OPTIMIZATION_LEVEL = 0;
				GCC_PREPROCESSOR_DEFINITIONS = (
					"DEBUG=1",
					"$(inherited)",
				);
				GCC_SYMBOLS_PRIVATE_EXTERN = NO;
				GCC_WARN_64_TO_32_BIT_CONVERSION = YES;
				GCC_WARN_ABOUT_RETURN_TYPE = YES_ERROR;
				GCC_WARN_UNDECLARED_SELECTOR = YES;
				GCC_WARN_UNINITIALIZED_AUTOS = YES_AGGRESSIVE;
				GCC_WARN_UNUSED_FUNCTION = YES;
				GCC_WARN_UNUSED_VARIABLE = YES;
				MACOSX_DEPLOYMENT_TARGET = 10.10;
				MTL_ENABLE_DEBUG_INFO = YES;
				ONLY_ACTIVE_ARCH = YES;
				SDKROOT = macosx;
			};
			name = Debug;
		};
		4846ABC41B9C1C3E006308DB /* Release */ = {
			isa = XCBuildConfiguration;
			buildSettings = {
				ALWAYS_SEARCH_USER_PATHS = NO;
				CLANG_CXX_LANGUAGE_STANDARD = "gnu++0x";
				CLANG_CXX_LIBRARY = "libc++";
				CLANG_ENABLE_MODULES = YES;
				CLANG_ENABLE_OBJC_ARC = YES;
				CLANG_WARN_BOOL_CONVERSION = YES;
				CLANG_WARN_CONSTANT_CONVERSION = YES;
				CLANG_WARN_DIRECT_OBJC_ISA_USAGE = YES_ERROR;
				CLANG_WARN_EMPTY_BODY = YES;
				CLANG_WARN_ENUM_CONVERSION = YES;
				CLANG_WARN_INT_CONVERSION = YES;
				CLANG_WARN_OBJC_ROOT_CLASS = YES_ERROR;
				CLANG_WARN_UNREACHABLE_CODE = YES;
				CLANG_WARN__DUPLICATE_METHOD_MATCH = YES;
				COPY_PHASE_STRIP = NO;
				DEBUG_INFORMATION_FORMAT = "dwarf-with-dsym";
				ENABLE_NS_ASSERTIONS = NO;
				ENABLE_STRICT_OBJC_MSGSEND = YES;
				GCC_C_LANGUAGE_STANDARD = gnu99;
				GCC_NO_COMMON_BLOCKS = YES;
				GCC_WARN_64_TO_32_BIT_CONVERSION = YES;
				GCC_WARN_ABOUT_RETURN_TYPE = YES_ERROR;
				GCC_WARN_UNDECLARED_SELECTOR = YES;
				GCC_WARN_UNINITIALIZED_AUTOS = YES_AGGRESSIVE;
				GCC_WARN_UNUSED_FUNCTION = YES;
				GCC_WARN_UNUSED_VARIABLE = YES;
				MACOSX_DEPLOYMENT_TARGET = 10.10;
				MTL_ENABLE_DEBUG_INFO = NO;
				SDKROOT = macosx;
			};
			name = Release;
		};
		4846ABC61B9C1C3E006308DB /* Debug */ = {
			isa = XCBuildConfiguration;
			buildSettings = {
				PRODUCT_NAME = "$(TARGET_NAME)";
			};
			name = Debug;
		};
		4846ABC71B9C1C3E006308DB /* Release */ = {
			isa = XCBuildConfiguration;
			buildSettings = {
				PRODUCT_NAME = "$(TARGET_NAME)";
			};
			name = Release;
		};
/* End XCBuildConfiguration section */

/* Begin XCConfigurationList section */
		4846ABB91B9C1C3E006308DB /* Build configuration list for PBXProject "FirstClass" */ = {
			isa = XCConfigurationList;
			buildConfigurations = (
				4846ABC31B9C1C3E006308DB /* Debug */,
				4846ABC41B9C1C3E006308DB /* Release */,
			);
			defaultConfigurationIsVisible = 0;
			defaultConfigurationName = Release;
		};
		4846ABC51B9C1C3E006308DB /* Build configuration list for PBXNativeTarget "FirstClass" */ = {
			isa = XCConfigurationList;
			buildConfigurations = (
				4846ABC61B9C1C3E006308DB /* Debug */,
				4846ABC71B9C1C3E006308DB /* Release */,
			);
			defaultConfigurationIsVisible = 0;
		};
/* End XCConfigurationList section */
	};
	rootObject = 4846ABB61B9C1C3E006308DB /* Project object */;
}
